// !$*UTF8*$!
{
	archiveVersion = 1;
	classes = {
	};
	objectVersion = 46;
	objects = {

/* Begin PBXBuildFile section */
		760ED1B91F0CDCAA000C08FA /* Assets.xcassets in Resources */ = {isa = PBXBuildFile; fileRef = 760ED1B81F0CDCAA000C08FA /* Assets.xcassets */; };
		760ED1C91F0CEB23000C08FA /* AppDelegate.m in Sources */ = {isa = PBXBuildFile; fileRef = 760ED1C51F0CEB23000C08FA /* AppDelegate.m */; };
		760ED1CA1F0CEB23000C08FA /* main.m in Sources */ = {isa = PBXBuildFile; fileRef = 760ED1C61F0CEB23000C08FA /* main.m */; };
		760ED1CB1F0CEB23000C08FA /* ViewController.m in Sources */ = {isa = PBXBuildFile; fileRef = 760ED1C81F0CEB23000C08FA /* ViewController.m */; };
		760ED1D21F0CEBB1000C08FA /* LaunchScreen.storyboard in Resources */ = {isa = PBXBuildFile; fileRef = 760ED1CE1F0CEBB1000C08FA /* LaunchScreen.storyboard */; };
		760ED1D31F0CEBB1000C08FA /* Main.storyboard in Resources */ = {isa = PBXBuildFile; fileRef = 760ED1D01F0CEBB1000C08FA /* Main.storyboard */; };
		760ED1D71F0CEC5B000C08FA /* XLNetEaseStudyDetailVC.m in Sources */ = {isa = PBXBuildFile; fileRef = 760ED1D61F0CEC5B000C08FA /* XLNetEaseStudyDetailVC.m */; };
		760ED1DC1F0CEE63000C08FA /* XLSegmentBar.m in Sources */ = {isa = PBXBuildFile; fileRef = 760ED1DB1F0CEE63000C08FA /* XLSegmentBar.m */; };
		760ED1DE1F0CF821000C08FA /* XLSegmentModelProtocol.h in Sources */ = {isa = PBXBuildFile; fileRef = 760ED1DD1F0CF0BF000C08FA /* XLSegmentModelProtocol.h */; };
		760ED1E21F0D1BAB000C08FA /* NSString+XLSegmentModelPrtol.m in Sources */ = {isa = PBXBuildFile; fileRef = 760ED1E11F0D1BAB000C08FA /* NSString+XLSegmentModelPrtol.m */; };
		7659E5CA1F0E25AD00AF017B /* XLStudyChildCommentVC.m in Sources */ = {isa = PBXBuildFile; fileRef = 7659E5C91F0E25AD00AF017B /* XLStudyChildCommentVC.m */; };
		7659E5CD1F0E25E300AF017B /* XLStudyChildCatalogueVC.m in Sources */ = {isa = PBXBuildFile; fileRef = 7659E5CC1F0E25E300AF017B /* XLStudyChildCatalogueVC.m */; };
		7659E5D01F0E263A00AF017B /* XLStudyChildIntroductionVC.m in Sources */ = {isa = PBXBuildFile; fileRef = 7659E5CF1F0E263A00AF017B /* XLStudyChildIntroductionVC.m */; };
		7659E5D31F0E2EB800AF017B /* XLStudyChildBaseVC.m in Sources */ = {isa = PBXBuildFile; fileRef = 7659E5D21F0E2EB800AF017B /* XLStudyChildBaseVC.m */; };
		76D615AF1F0DC8990015EE6F /* header.jpg in Resources */ = {isa = PBXBuildFile; fileRef = 76D615AE1F0DC8990015EE6F /* header.jpg */; };
		76D615B61F0DD5160015EE6F /* XLTestVC.m in Sources */ = {isa = PBXBuildFile; fileRef = 76D615B51F0DD5160015EE6F /* XLTestVC.m */; };
		76D615B91F0E181B0015EE6F /* XLConst.m in Sources */ = {isa = PBXBuildFile; fileRef = 76D615B81F0E181B0015EE6F /* XLConst.m */; };
/* End PBXBuildFile section */

/* Begin PBXFileReference section */
		760ED1A91F0CDCA9000C08FA /* XLNetEaseStudy.app */ = {isa = PBXFileReference; explicitFileType = wrapper.application; includeInIndex = 0; path = XLNetEaseStudy.app; sourceTree = BUILT_PRODUCTS_DIR; };
		760ED1B81F0CDCAA000C08FA /* Assets.xcassets */ = {isa = PBXFileReference; lastKnownFileType = folder.assetcatalog; path = Assets.xcassets; sourceTree = "<group>"; };
		760ED1BD1F0CDCAA000C08FA /* Info.plist */ = {isa = PBXFileReference; lastKnownFileType = text.plist.xml; path = Info.plist; sourceTree = "<group>"; };
		760ED1C41F0CEB23000C08FA /* AppDelegate.h */ = {isa = PBXFileReference; fileEncoding = 4; lastKnownFileType = sourcecode.c.h; path = AppDelegate.h; sourceTree = "<group>"; };
		760ED1C51F0CEB23000C08FA /* AppDelegate.m */ = {isa = PBXFileReference; fileEncoding = 4; lastKnownFileType = sourcecode.c.objc; path = AppDelegate.m; sourceTree = "<group>"; };
		760ED1C61F0CEB23000C08FA /* main.m */ = {isa = PBXFileReference; fileEncoding = 4; lastKnownFileType = sourcecode.c.objc; path = main.m; sourceTree = "<group>"; };
		760ED1C71F0CEB23000C08FA /* ViewController.h */ = {isa = PBXFileReference; fileEncoding = 4; lastKnownFileType = sourcecode.c.h; path = ViewController.h; sourceTree = "<group>"; };
		760ED1C81F0CEB23000C08FA /* ViewController.m */ = {isa = PBXFileReference; fileEncoding = 4; lastKnownFileType = sourcecode.c.objc; path = ViewController.m; sourceTree = "<group>"; };
		760ED1CF1F0CEBB1000C08FA /* Base */ = {isa = PBXFileReference; lastKnownFileType = file.storyboard; name = Base; path = Base.lproj/LaunchScreen.storyboard; sourceTree = "<group>"; };
		760ED1D11F0CEBB1000C08FA /* Base */ = {isa = PBXFileReference; lastKnownFileType = file.storyboard; name = Base; path = Base.lproj/Main.storyboard; sourceTree = "<group>"; };
		760ED1D51F0CEC5B000C08FA /* XLNetEaseStudyDetailVC.h */ = {isa = PBXFileReference; fileEncoding = 4; lastKnownFileType = sourcecode.c.h; path = XLNetEaseStudyDetailVC.h; sourceTree = "<group>"; };
		760ED1D61F0CEC5B000C08FA /* XLNetEaseStudyDetailVC.m */ = {isa = PBXFileReference; fileEncoding = 4; lastKnownFileType = sourcecode.c.objc; path = XLNetEaseStudyDetailVC.m; sourceTree = "<group>"; };
		760ED1DA1F0CEE63000C08FA /* XLSegmentBar.h */ = {isa = PBXFileReference; fileEncoding = 4; lastKnownFileType = sourcecode.c.h; path = XLSegmentBar.h; sourceTree = "<group>"; };
		760ED1DB1F0CEE63000C08FA /* XLSegmentBar.m */ = {isa = PBXFileReference; fileEncoding = 4; lastKnownFileType = sourcecode.c.objc; path = XLSegmentBar.m; sourceTree = "<group>"; };
		760ED1DD1F0CF0BF000C08FA /* XLSegmentModelProtocol.h */ = {isa = PBXFileReference; fileEncoding = 4; lastKnownFileType = sourcecode.c.h; path = XLSegmentModelProtocol.h; sourceTree = "<group>"; };
		760ED1E01F0D1BAB000C08FA /* NSString+XLSegmentModelPrtol.h */ = {isa = PBXFileReference; fileEncoding = 4; lastKnownFileType = sourcecode.c.h; path = "NSString+XLSegmentModelPrtol.h"; sourceTree = "<group>"; };
		760ED1E11F0D1BAB000C08FA /* NSString+XLSegmentModelPrtol.m */ = {isa = PBXFileReference; fileEncoding = 4; lastKnownFileType = sourcecode.c.objc; path = "NSString+XLSegmentModelPrtol.m"; sourceTree = "<group>"; };
		7659E5C81F0E25AD00AF017B /* XLStudyChildCommentVC.h */ = {isa = PBXFileReference; fileEncoding = 4; lastKnownFileType = sourcecode.c.h; path = XLStudyChildCommentVC.h; sourceTree = "<group>"; };
		7659E5C91F0E25AD00AF017B /* XLStudyChildCommentVC.m */ = {isa = PBXFileReference; fileEncoding = 4; lastKnownFileType = sourcecode.c.objc; path = XLStudyChildCommentVC.m; sourceTree = "<group>"; };
		7659E5CB1F0E25E300AF017B /* XLStudyChildCatalogueVC.h */ = {isa = PBXFileReference; fileEncoding = 4; lastKnownFileType = sourcecode.c.h; path = XLStudyChildCatalogueVC.h; sourceTree = "<group>"; };
		7659E5CC1F0E25E300AF017B /* XLStudyChildCatalogueVC.m */ = {isa = PBXFileReference; fileEncoding = 4; lastKnownFileType = sourcecode.c.objc; path = XLStudyChildCatalogueVC.m; sourceTree = "<group>"; };
		7659E5CE1F0E263A00AF017B /* XLStudyChildIntroductionVC.h */ = {isa = PBXFileReference; fileEncoding = 4; lastKnownFileType = sourcecode.c.h; path = XLStudyChildIntroductionVC.h; sourceTree = "<group>"; };
		7659E5CF1F0E263A00AF017B /* XLStudyChildIntroductionVC.m */ = {isa = PBXFileReference; fileEncoding = 4; lastKnownFileType = sourcecode.c.objc; path = XLStudyChildIntroductionVC.m; sourceTree = "<group>"; };
		7659E5D11F0E2EB800AF017B /* XLStudyChildBaseVC.h */ = {isa = PBXFileReference; fileEncoding = 4; lastKnownFileType = sourcecode.c.h; path = XLStudyChildBaseVC.h; sourceTree = "<group>"; };
		7659E5D21F0E2EB800AF017B /* XLStudyChildBaseVC.m */ = {isa = PBXFileReference; fileEncoding = 4; lastKnownFileType = sourcecode.c.objc; path = XLStudyChildBaseVC.m; sourceTree = "<group>"; };
		76D615AE1F0DC8990015EE6F /* header.jpg */ = {isa = PBXFileReference; lastKnownFileType = image.jpeg; path = header.jpg; sourceTree = "<group>"; };
		76D615B41F0DD5160015EE6F /* XLTestVC.h */ = {isa = PBXFileReference; fileEncoding = 4; lastKnownFileType = sourcecode.c.h; path = XLTestVC.h; sourceTree = "<group>"; };
		76D615B51F0DD5160015EE6F /* XLTestVC.m */ = {isa = PBXFileReference; fileEncoding = 4; lastKnownFileType = sourcecode.c.objc; path = XLTestVC.m; sourceTree = "<group>"; };
		76D615B71F0E181B0015EE6F /* XLConst.h */ = {isa = PBXFileReference; fileEncoding = 4; lastKnownFileType = sourcecode.c.h; path = XLConst.h; sourceTree = "<group>"; };
		76D615B81F0E181B0015EE6F /* XLConst.m */ = {isa = PBXFileReference; fileEncoding = 4; lastKnownFileType = sourcecode.c.objc; path = XLConst.m; sourceTree = "<group>"; };
/* End PBXFileReference section */

/* Begin PBXFrameworksBuildPhase section */
		760ED1A61F0CDCA9000C08FA /* Frameworks */ = {
			isa = PBXFrameworksBuildPhase;
			buildActionMask = 2147483647;
			files = (
			);
			runOnlyForDeploymentPostprocessing = 0;
		};
/* End PBXFrameworksBuildPhase section */

/* Begin PBXGroup section */
		760ED1A01F0CDCA9000C08FA = {
			isa = PBXGroup;
			children = (
				760ED1AB1F0CDCA9000C08FA /* XLNetEaseStudy */,
				760ED1AA1F0CDCA9000C08FA /* Products */,
			);
			sourceTree = "<group>";
		};
		760ED1AA1F0CDCA9000C08FA /* Products */ = {
			isa = PBXGroup;
			children = (
				760ED1A91F0CDCA9000C08FA /* XLNetEaseStudy.app */,
			);
			name = Products;
			sourceTree = "<group>";
		};
		760ED1AB1F0CDCA9000C08FA /* XLNetEaseStudy */ = {
			isa = PBXGroup;
			children = (
				76D615B31F0DD4E60015EE6F /* Test */,
				760ED1D41F0CEC1C000C08FA /* XLNetEaseStudyDetail */,
				760ED1CD1F0CEBB1000C08FA /* Storyboard */,
				760ED1C31F0CEB23000C08FA /* Launch */,
				760ED1AC1F0CDCA9000C08FA /* Supporting Files */,
			);
			path = XLNetEaseStudy;
			sourceTree = "<group>";
		};
		760ED1AC1F0CDCA9000C08FA /* Supporting Files */ = {
			isa = PBXGroup;
			children = (
				76D615AE1F0DC8990015EE6F /* header.jpg */,
				760ED1BD1F0CDCAA000C08FA /* Info.plist */,
				760ED1B81F0CDCAA000C08FA /* Assets.xcassets */,
			);
			name = "Supporting Files";
			sourceTree = "<group>";
		};
		760ED1C31F0CEB23000C08FA /* Launch */ = {
			isa = PBXGroup;
			children = (
				760ED1C61F0CEB23000C08FA /* main.m */,
				760ED1C41F0CEB23000C08FA /* AppDelegate.h */,
				760ED1C51F0CEB23000C08FA /* AppDelegate.m */,
				760ED1C71F0CEB23000C08FA /* ViewController.h */,
				760ED1C81F0CEB23000C08FA /* ViewController.m */,
				76D615B71F0E181B0015EE6F /* XLConst.h */,
				76D615B81F0E181B0015EE6F /* XLConst.m */,
			);
			path = Launch;
			sourceTree = "<group>";
		};
		760ED1CD1F0CEBB1000C08FA /* Storyboard */ = {
			isa = PBXGroup;
			children = (
				760ED1CE1F0CEBB1000C08FA /* LaunchScreen.storyboard */,
				760ED1D01F0CEBB1000C08FA /* Main.storyboard */,
			);
			path = Storyboard;
			sourceTree = "<group>";
		};
		760ED1D41F0CEC1C000C08FA /* XLNetEaseStudyDetail */ = {
			isa = PBXGroup;
			children = (
				760ED1D51F0CEC5B000C08FA /* XLNetEaseStudyDetailVC.h */,
				760ED1D61F0CEC5B000C08FA /* XLNetEaseStudyDetailVC.m */,
				7659E5CE1F0E263A00AF017B /* XLStudyChildIntroductionVC.h */,
				7659E5CF1F0E263A00AF017B /* XLStudyChildIntroductionVC.m */,
				7659E5CB1F0E25E300AF017B /* XLStudyChildCatalogueVC.h */,
				7659E5CC1F0E25E300AF017B /* XLStudyChildCatalogueVC.m */,
				7659E5C81F0E25AD00AF017B /* XLStudyChildCommentVC.h */,
				7659E5C91F0E25AD00AF017B /* XLStudyChildCommentVC.m */,
				7659E5D11F0E2EB800AF017B /* XLStudyChildBaseVC.h */,
				7659E5D21F0E2EB800AF017B /* XLStudyChildBaseVC.m */,
				760ED1D81F0CEE14000C08FA /* View */,
			);
			path = XLNetEaseStudyDetail;
			sourceTree = "<group>";
		};
		760ED1D81F0CEE14000C08FA /* View */ = {
			isa = PBXGroup;
			children = (
				760ED1D91F0CEE37000C08FA /* SegmentBar */,
			);
			path = View;
			sourceTree = "<group>";
		};
		760ED1D91F0CEE37000C08FA /* SegmentBar */ = {
			isa = PBXGroup;
			children = (
				760ED1DD1F0CF0BF000C08FA /* XLSegmentModelProtocol.h */,
				760ED1E01F0D1BAB000C08FA /* NSString+XLSegmentModelPrtol.h */,
				760ED1E11F0D1BAB000C08FA /* NSString+XLSegmentModelPrtol.m */,
				760ED1DA1F0CEE63000C08FA /* XLSegmentBar.h */,
				760ED1DB1F0CEE63000C08FA /* XLSegmentBar.m */,
			);
			path = SegmentBar;
			sourceTree = "<group>";
		};
		76D615B31F0DD4E60015EE6F /* Test */ = {
			isa = PBXGroup;
			children = (
				76D615B41F0DD5160015EE6F /* XLTestVC.h */,
				76D615B51F0DD5160015EE6F /* XLTestVC.m */,
			);
			path = Test;
			sourceTree = "<group>";
		};
/* End PBXGroup section */

/* Begin PBXNativeTarget section */
		760ED1A81F0CDCA9000C08FA /* XLNetEaseStudy */ = {
			isa = PBXNativeTarget;
			buildConfigurationList = 760ED1C01F0CDCAA000C08FA /* Build configuration list for PBXNativeTarget "XLNetEaseStudy" */;
			buildPhases = (
				760ED1A51F0CDCA9000C08FA /* Sources */,
				760ED1A61F0CDCA9000C08FA /* Frameworks */,
				760ED1A71F0CDCA9000C08FA /* Resources */,
			);
			buildRules = (
			);
			dependencies = (
			);
			name = XLNetEaseStudy;
			productName = XLNetEaseStudy;
			productReference = 760ED1A91F0CDCA9000C08FA /* XLNetEaseStudy.app */;
			productType = "com.apple.product-type.application";
		};
/* End PBXNativeTarget section */

/* Begin PBXProject section */
		760ED1A11F0CDCA9000C08FA /* Project object */ = {
			isa = PBXProject;
			attributes = {
				CLASSPREFIX = XL;
				LastUpgradeCheck = 0820;
				ORGANIZATIONNAME = xl;
				TargetAttributes = {
					760ED1A81F0CDCA9000C08FA = {
						CreatedOnToolsVersion = 8.2.1;
						ProvisioningStyle = Automatic;
					};
				};
			};
			buildConfigurationList = 760ED1A41F0CDCA9000C08FA /* Build configuration list for PBXProject "XLNetEaseStudy" */;
			compatibilityVersion = "Xcode 3.2";
			developmentRegion = English;
			hasScannedForEncodings = 0;
			knownRegions = (
				en,
				Base,
			);
			mainGroup = 760ED1A01F0CDCA9000C08FA;
			productRefGroup = 760ED1AA1F0CDCA9000C08FA /* Products */;
			projectDirPath = "";
			projectRoot = "";
			targets = (
				760ED1A81F0CDCA9000C08FA /* XLNetEaseStudy */,
			);
		};
/* End PBXProject section */

/* Begin PBXResourcesBuildPhase section */
		760ED1A71F0CDCA9000C08FA /* Resources */ = {
			isa = PBXResourcesBuildPhase;
			buildActionMask = 2147483647;
			files = (
				760ED1D31F0CEBB1000C08FA /* Main.storyboard in Resources */,
				760ED1B91F0CDCAA000C08FA /* Assets.xcassets in Resources */,
				76D615AF1F0DC8990015EE6F /* header.jpg in Resources */,
				760ED1D21F0CEBB1000C08FA /* LaunchScreen.storyboard in Resources */,
			);
			runOnlyForDeploymentPostprocessing = 0;
		};
/* End PBXResourcesBuildPhase section */

/* Begin PBXSourcesBuildPhase section */
		760ED1A51F0CDCA9000C08FA /* Sources */ = {
			isa = PBXSourcesBuildPhase;
			buildActionMask = 2147483647;
			files = (
				760ED1E21F0D1BAB000C08FA /* NSString+XLSegmentModelPrtol.m in Sources */,
				7659E5CA1F0E25AD00AF017B /* XLStudyChildCommentVC.m in Sources */,
				7659E5CD1F0E25E300AF017B /* XLStudyChildCatalogueVC.m in Sources */,
				7659E5D01F0E263A00AF017B /* XLStudyChildIntroductionVC.m in Sources */,
				760ED1DE1F0CF821000C08FA /* XLSegmentModelProtocol.h in Sources */,
				76D615B61F0DD5160015EE6F /* XLTestVC.m in Sources */,
				760ED1CB1F0CEB23000C08FA /* ViewController.m in Sources */,
				760ED1D71F0CEC5B000C08FA /* XLNetEaseStudyDetailVC.m in Sources */,
				7659E5D31F0E2EB800AF017B /* XLStudyChildBaseVC.m in Sources */,
				760ED1DC1F0CEE63000C08FA /* XLSegmentBar.m in Sources */,
				760ED1CA1F0CEB23000C08FA /* main.m in Sources */,
				76D615B91F0E181B0015EE6F /* XLConst.m in Sources */,
				760ED1C91F0CEB23000C08FA /* AppDelegate.m in Sources */,
			);
			runOnlyForDeploymentPostprocessing = 0;
		};
/* End PBXSourcesBuildPhase section */

/* Begin PBXVariantGroup section */
		760ED1CE1F0CEBB1000C08FA /* LaunchScreen.storyboard */ = {
			isa = PBXVariantGroup;
			children = (
				760ED1CF1F0CEBB1000C08FA /* Base */,
			);
			name = LaunchScreen.storyboard;
			sourceTree = "<group>";
		};
		760ED1D01F0CEBB1000C08FA /* Main.storyboard */ = {
			isa = PBXVariantGroup;
			children = (
				760ED1D11F0CEBB1000C08FA /* Base */,
			);
			name = Main.storyboard;
			sourceTree = "<group>";
		};
/* End PBXVariantGroup section */

/* Begin XCBuildConfiguration section */
		760ED1BE1F0CDCAA000C08FA /* Debug */ = {
			isa = XCBuildConfiguration;
			buildSettings = {
				ALWAYS_SEARCH_USER_PATHS = NO;
				CLANG_ANALYZER_NONNULL = YES;
				CLANG_CXX_LANGUAGE_STANDARD = "gnu++0x";
				CLANG_CXX_LIBRARY = "libc++";
				CLANG_ENABLE_MODULES = YES;
				CLANG_ENABLE_OBJC_ARC = YES;
				CLANG_WARN_BOOL_CONVERSION = YES;
				CLANG_WARN_CONSTANT_CONVERSION = YES;
				CLANG_WARN_DIRECT_OBJC_ISA_USAGE = YES_ERROR;
				CLANG_WARN_DOCUMENTATION_COMMENTS = YES;
				CLANG_WARN_EMPTY_BODY = YES;
				CLANG_WARN_ENUM_CONVERSION = YES;
				CLANG_WARN_INFINITE_RECURSION = YES;
				CLANG_WARN_INT_CONVERSION = YES;
				CLANG_WARN_OBJC_ROOT_CLASS = YES_ERROR;
				CLANG_WARN_SUSPICIOUS_MOVE = YES;
				CLANG_WARN_UNREACHABLE_CODE = YES;
				CLANG_WARN__DUPLICATE_METHOD_MATCH = YES;
				"CODE_SIGN_IDENTITY[sdk=iphoneos*]" = "iPhone Developer";
				COPY_PHASE_STRIP = NO;
				DEBUG_INFORMATION_FORMAT = dwarf;
				ENABLE_STRICT_OBJC_MSGSEND = YES;
				ENABLE_TESTABILITY = YES;
				GCC_C_LANGUAGE_STANDARD = gnu99;
				GCC_DYNAMIC_NO_PIC = NO;
				GCC_NO_COMMON_BLOCKS = YES;
				GCC_OPTIMIZATION_LEVEL = 0;
				GCC_PREPROCESSOR_DEFINITIONS = (
					"DEBUG=1",
					"$(inherited)",
				);
				GCC_WARN_64_TO_32_BIT_CONVERSION = YES;
				GCC_WARN_ABOUT_RETURN_TYPE = YES_ERROR;
				GCC_WARN_UNDECLARED_SELECTOR = YES;
				GCC_WARN_UNINITIALIZED_AUTOS = YES_AGGRESSIVE;
				GCC_WARN_UNUSED_FUNCTION = YES;
				GCC_WARN_UNUSED_VARIABLE = YES;
				IPHONEOS_DEPLOYMENT_TARGET = 10.2;
				MTL_ENABLE_DEBUG_INFO = YES;
				ONLY_ACTIVE_ARCH = YES;
				SDKROOT = iphoneos;
				TARGETED_DEVICE_FAMILY = "1,2";
			};
			name = Debug;
		};
		760ED1BF1F0CDCAA000C08FA /* Release */ = {
			isa = XCBuildConfiguration;
			buildSettings = {
				ALWAYS_SEARCH_USER_PATHS = NO;
				CLANG_ANALYZER_NONNULL = YES;
				CLANG_CXX_LANGUAGE_STANDARD = "gnu++0x";
				CLANG_CXX_LIBRARY = "libc++";
				CLANG_ENABLE_MODULES = YES;
				CLANG_ENABLE_OBJC_ARC = YES;
				CLANG_WARN_BOOL_CONVERSION = YES;
				CLANG_WARN_CONSTANT_CONVERSION = YES;
				CLANG_WARN_DIRECT_OBJC_ISA_USAGE = YES_ERROR;
				CLANG_WARN_DOCUMENTATION_COMMENTS = YES;
				CLANG_WARN_EMPTY_BODY = YES;
				CLANG_WARN_ENUM_CONVERSION = YES;
				CLANG_WARN_INFINITE_RECURSION = YES;
				CLANG_WARN_INT_CONVERSION = YES;
				CLANG_WARN_OBJC_ROOT_CLASS = YES_ERROR;
				CLANG_WARN_SUSPICIOUS_MOVE = YES;
				CLANG_WARN_UNREACHABLE_CODE = YES;
				CLANG_WARN__DUPLICATE_METHOD_MATCH = YES;
				"CODE_SIGN_IDENTITY[sdk=iphoneos*]" = "iPhone Developer";
				COPY_PHASE_STRIP = NO;
				DEBUG_INFORMATION_FORMAT = "dwarf-with-dsym";
				ENABLE_NS_ASSERTIONS = NO;
				ENABLE_STRICT_OBJC_MSGSEND = YES;
				GCC_C_LANGUAGE_STANDARD = gnu99;
				GCC_NO_COMMON_BLOCKS = YES;
				GCC_WARN_64_TO_32_BIT_CONVERSION = YES;
				GCC_WARN_ABOUT_RETURN_TYPE = YES_ERROR;
				GCC_WARN_UNDECLARED_SELECTOR = YES;
				GCC_WARN_UNINITIALIZED_AUTOS = YES_AGGRESSIVE;
				GCC_WARN_UNUSED_FUNCTION = YES;
				GCC_WARN_UNUSED_VARIABLE = YES;
				IPHONEOS_DEPLOYMENT_TARGET = 10.2;
				MTL_ENABLE_DEBUG_INFO = NO;
				SDKROOT = iphoneos;
				TARGETED_DEVICE_FAMILY = "1,2";
				VALIDATE_PRODUCT = YES;
			};
			name = Release;
		};
		760ED1C11F0CDCAA000C08FA /* Debug */ = {
			isa = XCBuildConfiguration;
			buildSettings = {
				ASSETCATALOG_COMPILER_APPICON_NAME = AppIcon;
				INFOPLIST_FILE = XLNetEaseStudy/Info.plist;
				LD_RUNPATH_SEARCH_PATHS = "$(inherited) @executable_path/Frameworks";
				PRODUCT_BUNDLE_IDENTIFIER = cn.srgroup.XLNetEaseStudy;
				PRODUCT_NAME = "$(TARGET_NAME)";
			};
			name = Debug;
		};
		760ED1C21F0CDCAA000C08FA /* Release */ = {
			isa = XCBuildConfiguration;
			buildSettings = {
				ASSETCATALOG_COMPILER_APPICON_NAME = AppIcon;
				INFOPLIST_FILE = XLNetEaseStudy/Info.plist;
				LD_RUNPATH_SEARCH_PATHS = "$(inherited) @executable_path/Frameworks";
				PRODUCT_BUNDLE_IDENTIFIER = cn.srgroup.XLNetEaseStudy;
				PRODUCT_NAME = "$(TARGET_NAME)";
			};
			name = Release;
		};
/* End XCBuildConfiguration section */

/* Begin XCConfigurationList section */
		760ED1A41F0CDCA9000C08FA /* Build configuration list for PBXProject "XLNetEaseStudy" */ = {
			isa = XCConfigurationList;
			buildConfigurations = (
				760ED1BE1F0CDCAA000C08FA /* Debug */,
				760ED1BF1F0CDCAA000C08FA /* Release */,
			);
			defaultConfigurationIsVisible = 0;
			defaultConfigurationName = Release;
		};
		760ED1C01F0CDCAA000C08FA /* Build configuration list for PBXNativeTarget "XLNetEaseStudy" */ = {
			isa = XCConfigurationList;
			buildConfigurations = (
				760ED1C11F0CDCAA000C08FA /* Debug */,
				760ED1C21F0CDCAA000C08FA /* Release */,
			);
			defaultConfigurationIsVisible = 0;
			defaultConfigurationName = Release;
		};
/* End XCConfigurationList section */
	};
	rootObject = 760ED1A11F0CDCA9000C08FA /* Project object */;
}
